
Microsoft Visual Studio Solution File, Format Version 12.00
# Visual Studio 15
Project("{FAE04EC0-301F-11D3-BF4B-00C04F79EFBC}") = "TyP", "TyP\TyP.csproj", "{A41A9379-B4BA-4123-851D-9F52A6B15474}"
EndProject
Global
	GlobalSection(SolutionConfigurationPlatforms) = preSolution
		Debug|anycpu = Debug|anycpu
		Release|anycpu = Release|anycpu
	EndGlobalSection
	GlobalSection(ProjectConfigurationPlatforms) = postSolution
		{A41A9379-B4BA-4123-851D-9F52A6B15474}.Debug|anycpu.ActiveCfg = Debug|anycpu
		{A41A9379-B4BA-4123-851D-9F52A6B15474}.Debug|anycpu.Build.0 = Debug|anycpu
		{A41A9379-B4BA-4123-851D-9F52A6B15474}.Release|anycpu.ActiveCfg = Release|anycpu
		{A41A9379-B4BA-4123-851D-9F52A6B15474}.Release|anycpu.Build.0 = Release|anycpu
	EndGlobalSection
EndGlobal
